rules:
  - id: s3-enforce-user-acl
    patterns:
      - pattern: |
          resource "aws_s3_bucket" $ANYTHING {
            ...
            acl = "private"  # ACL is set to private
            ...
          }
      - pattern: |
          resource "aws_s3_bucket_policy" $ANYTHING {
            ...
            policy = jsonencode({
              Version = "2012-10-17"
              Statement = [
                {
                  Effect = "Allow"
                  Principal = "*"
                  Action = "s3:*"
                  Resource = $RESOURCE  # Public access allowed
                }
              ]
            })
            ...
          }
    message: "S3 bucket access should not be allowed to all AWS account users."
    severity: HIGH
    languages: [terraform]
    metadata:
      domain: Identity and Access Management
      resource: aws_s3_bucket
      resource-type: S3
      reference_id: AWS.S3Bucket.DS.High.1043
      version: 2
